# @generated by Move, please check-in and do not edit manually.

[move]
version = 3
manifest_digest = "FD279025E75356D67D0CEA96B14832F20F6F0C9C556A442AFDDEB7AAD0C1C38D"
deps_digest = "F8BBB0CCB2491CA29A3DF03D6F92277A4F3574266507ACD77214D37ECA3F3082"
dependencies = [
  { id = "Sui", name = "Sui" },
]

[[move.package]]
id = "MoveStdlib"
source = { git = "https://github.com/MystenLabs/sui.git", rev = "framework/testnet", subdir = "crates\\sui-framework\\packages\\move-stdlib" }

[[move.package]]
id = "Sui"
source = { git = "https://github.com/MystenLabs/sui.git", rev = "framework/testnet", subdir = "crates/sui-framework/packages/sui-framework" }

dependencies = [
  { id = "MoveStdlib", name = "MoveStdlib" },
]

[move.toolchain-version]
compiler-version = "1.58.2"
edition = "2024"
flavor = "sui"

[env]

[env.testnet]
chain-id = "4c78adac"
original-published-id = "0x3df1879a506c69575dbf6874d6c1b9ef747f00a6d1eeaf5ef61b10ca6dec0bcb"
latest-published-id = "0x3df1879a506c69575dbf6874d6c1b9ef747f00a6d1eeaf5ef61b10ca6dec0bcb"
published-version = "1"
